{
  "name": "typo3-contentblock-snippets",
  "version": "0.0.1",
  "lockfileVersion": 3,
  "requires": true,
  "packages": {
    "": {
      "name": "typo3-contentblock-snippets",
      "version": "0.0.1",
      "engines": {
        "vscode": "^1.96.0",
        "windsurf": "^0.4.0"
      }
    }
  }
}
